
Microsoft Visual Studio Solution File, Format Version 12.00
# Visual Studio 15
VisualStudioVersion = 15.0.26124.0
MinimumVisualStudioVersion = 15.0.26124.0
Project("{FAE04EC0-301F-11D3-BF4B-00C04F79EFBC}") = "API", "API\API.csproj", "{8EF6C3F7-29E6-4262-8C13-34DC8CAA16BE}"
EndProject
Project("{FAE04EC0-301F-11D3-BF4B-00C04F79EFBC}") = "Application", "Application\Application.csproj", "{A29CF968-A01F-4ABF-BAED-85900A1CB716}"
EndProject
Project("{FAE04EC0-301F-11D3-BF4B-00C04F79EFBC}") = "Persistence", "Persistence\Persistence.csproj", "{A25D50FD-B051-4DF0-9B3C-25ACB3C1E6B2}"
EndProject
Project("{FAE04EC0-301F-11D3-BF4B-00C04F79EFBC}") = "Domain", "Domain\Domain.csproj", "{CBAFD6C3-DA85-4550-856E-67640C09E516}"
EndProject
Global
	GlobalSection(SolutionConfigurationPlatforms) = preSolution
		Debug|Any CPU = Debug|Any CPU
		Debug|x64 = Debug|x64
		Debug|x86 = Debug|x86
		Release|Any CPU = Release|Any CPU
		Release|x64 = Release|x64
		Release|x86 = Release|x86
	EndGlobalSection
	GlobalSection(SolutionProperties) = preSolution
		HideSolutionNode = FALSE
	EndGlobalSection
	GlobalSection(ProjectConfigurationPlatforms) = postSolution
		{8EF6C3F7-29E6-4262-8C13-34DC8CAA16BE}.Debug|Any CPU.ActiveCfg = Debug|Any CPU
		{8EF6C3F7-29E6-4262-8C13-34DC8CAA16BE}.Debug|Any CPU.Build.0 = Debug|Any CPU
		{8EF6C3F7-29E6-4262-8C13-34DC8CAA16BE}.Debug|x64.ActiveCfg = Debug|Any CPU
		{8EF6C3F7-29E6-4262-8C13-34DC8CAA16BE}.Debug|x64.Build.0 = Debug|Any CPU
		{8EF6C3F7-29E6-4262-8C13-34DC8CAA16BE}.Debug|x86.ActiveCfg = Debug|Any CPU
		{8EF6C3F7-29E6-4262-8C13-34DC8CAA16BE}.Debug|x86.Build.0 = Debug|Any CPU
		{8EF6C3F7-29E6-4262-8C13-34DC8CAA16BE}.Release|Any CPU.ActiveCfg = Release|Any CPU
		{8EF6C3F7-29E6-4262-8C13-34DC8CAA16BE}.Release|Any CPU.Build.0 = Release|Any CPU
		{8EF6C3F7-29E6-4262-8C13-34DC8CAA16BE}.Release|x64.ActiveCfg = Release|Any CPU
		{8EF6C3F7-29E6-4262-8C13-34DC8CAA16BE}.Release|x64.Build.0 = Release|Any CPU
		{8EF6C3F7-29E6-4262-8C13-34DC8CAA16BE}.Release|x86.ActiveCfg = Release|Any CPU
		{8EF6C3F7-29E6-4262-8C13-34DC8CAA16BE}.Release|x86.Build.0 = Release|Any CPU
		{A29CF968-A01F-4ABF-BAED-85900A1CB716}.Debug|Any CPU.ActiveCfg = Debug|Any CPU
		{A29CF968-A01F-4ABF-BAED-85900A1CB716}.Debug|Any CPU.Build.0 = Debug|Any CPU
		{A29CF968-A01F-4ABF-BAED-85900A1CB716}.Debug|x64.ActiveCfg = Debug|Any CPU
		{A29CF968-A01F-4ABF-BAED-85900A1CB716}.Debug|x64.Build.0 = Debug|Any CPU
		{A29CF968-A01F-4ABF-BAED-85900A1CB716}.Debug|x86.ActiveCfg = Debug|Any CPU
		{A29CF968-A01F-4ABF-BAED-85900A1CB716}.Debug|x86.Build.0 = Debug|Any CPU
		{A29CF968-A01F-4ABF-BAED-85900A1CB716}.Release|Any CPU.ActiveCfg = Release|Any CPU
		{A29CF968-A01F-4ABF-BAED-85900A1CB716}.Release|Any CPU.Build.0 = Release|Any CPU
		{A29CF968-A01F-4ABF-BAED-85900A1CB716}.Release|x64.ActiveCfg = Release|Any CPU
		{A29CF968-A01F-4ABF-BAED-85900A1CB716}.Release|x64.Build.0 = Release|Any CPU
		{A29CF968-A01F-4ABF-BAED-85900A1CB716}.Release|x86.ActiveCfg = Release|Any CPU
		{A29CF968-A01F-4ABF-BAED-85900A1CB716}.Release|x86.Build.0 = Release|Any CPU
		{A25D50FD-B051-4DF0-9B3C-25ACB3C1E6B2}.Debug|Any CPU.ActiveCfg = Debug|Any CPU
		{A25D50FD-B051-4DF0-9B3C-25ACB3C1E6B2}.Debug|Any CPU.Build.0 = Debug|Any CPU
		{A25D50FD-B051-4DF0-9B3C-25ACB3C1E6B2}.Debug|x64.ActiveCfg = Debug|Any CPU
		{A25D50FD-B051-4DF0-9B3C-25ACB3C1E6B2}.Debug|x64.Build.0 = Debug|Any CPU
		{A25D50FD-B051-4DF0-9B3C-25ACB3C1E6B2}.Debug|x86.ActiveCfg = Debug|Any CPU
		{A25D50FD-B051-4DF0-9B3C-25ACB3C1E6B2}.Debug|x86.Build.0 = Debug|Any CPU
		{A25D50FD-B051-4DF0-9B3C-25ACB3C1E6B2}.Release|Any CPU.ActiveCfg = Release|Any CPU
		{A25D50FD-B051-4DF0-9B3C-25ACB3C1E6B2}.Release|Any CPU.Build.0 = Release|Any CPU
		{A25D50FD-B051-4DF0-9B3C-25ACB3C1E6B2}.Release|x64.ActiveCfg = Release|Any CPU
		{A25D50FD-B051-4DF0-9B3C-25ACB3C1E6B2}.Release|x64.Build.0 = Release|Any CPU
		{A25D50FD-B051-4DF0-9B3C-25ACB3C1E6B2}.Release|x86.ActiveCfg = Release|Any CPU
		{A25D50FD-B051-4DF0-9B3C-25ACB3C1E6B2}.Release|x86.Build.0 = Release|Any CPU
		{CBAFD6C3-DA85-4550-856E-67640C09E516}.Debug|Any CPU.ActiveCfg = Debug|Any CPU
		{CBAFD6C3-DA85-4550-856E-67640C09E516}.Debug|Any CPU.Build.0 = Debug|Any CPU
		{CBAFD6C3-DA85-4550-856E-67640C09E516}.Debug|x64.ActiveCfg = Debug|Any CPU
		{CBAFD6C3-DA85-4550-856E-67640C09E516}.Debug|x64.Build.0 = Debug|Any CPU
		{CBAFD6C3-DA85-4550-856E-67640C09E516}.Debug|x86.ActiveCfg = Debug|Any CPU
		{CBAFD6C3-DA85-4550-856E-67640C09E516}.Debug|x86.Build.0 = Debug|Any CPU
		{CBAFD6C3-DA85-4550-856E-67640C09E516}.Release|Any CPU.ActiveCfg = Release|Any CPU
		{CBAFD6C3-DA85-4550-856E-67640C09E516}.Release|Any CPU.Build.0 = Release|Any CPU
		{CBAFD6C3-DA85-4550-856E-67640C09E516}.Release|x64.ActiveCfg = Release|Any CPU
		{CBAFD6C3-DA85-4550-856E-67640C09E516}.Release|x64.Build.0 = Release|Any CPU
		{CBAFD6C3-DA85-4550-856E-67640C09E516}.Release|x86.ActiveCfg = Release|Any CPU
		{CBAFD6C3-DA85-4550-856E-67640C09E516}.Release|x86.Build.0 = Release|Any CPU
	EndGlobalSection
EndGlobal
