
Microsoft Visual Studio Solution File, Format Version 12.00
# Visual Studio Version 16
VisualStudioVersion = 16.0.31729.503
MinimumVisualStudioVersion = 15.0.26124.0
Project("{9A19103F-16F7-4668-BE54-9A1E7A4F7556}") = "API", "API\API.csproj", "{8EF6C3F7-29E6-4262-8C13-34DC8CAA16BE}"
EndProject
Project("{9A19103F-16F7-4668-BE54-9A1E7A4F7556}") = "Application", "Application\Application.csproj", "{A29CF968-A01F-4ABF-BAED-85900A1CB716}"
EndProject
Project("{9A19103F-16F7-4668-BE54-9A1E7A4F7556}") = "Persistence", "Persistence\Persistence.csproj", "{A25D50FD-B051-4DF0-9B3C-25ACB3C1E6B2}"
EndProject
Project("{9A19103F-16F7-4668-BE54-9A1E7A4F7556}") = "Domain", "Domain\Domain.csproj", "{CBAFD6C3-DA85-4550-856E-67640C09E516}"
EndProject
Project("{9A19103F-16F7-4668-BE54-9A1E7A4F7556}") = "ElasticSearch", "ElasticSearch\ElasticSearch.csproj", "{6E85D643-0F7D-41AF-A66C-21A6C7F153DA}"
EndProject
Project("{9A19103F-16F7-4668-BE54-9A1E7A4F7556}") = "API.Tests", "API.Tests\API.Tests.csproj", "{8F58C952-6579-479B-9317-092595F929BD}"
	ProjectSection(ProjectDependencies) = postProject
		{CBAFD6C3-DA85-4550-856E-67640C09E516} = {CBAFD6C3-DA85-4550-856E-67640C09E516}
	EndProjectSection
EndProject
Global
	GlobalSection(SolutionConfigurationPlatforms) = preSolution
		Debug|Any CPU = Debug|Any CPU
		Debug|x64 = Debug|x64
		Debug|x86 = Debug|x86
		Release|Any CPU = Release|Any CPU
		Release|x64 = Release|x64
		Release|x86 = Release|x86
	EndGlobalSection
	GlobalSection(ProjectConfigurationPlatforms) = postSolution
		{8EF6C3F7-29E6-4262-8C13-34DC8CAA16BE}.Debug|Any CPU.ActiveCfg = Debug|Any CPU
		{8EF6C3F7-29E6-4262-8C13-34DC8CAA16BE}.Debug|Any CPU.Build.0 = Debug|Any CPU
		{8EF6C3F7-29E6-4262-8C13-34DC8CAA16BE}.Debug|x64.ActiveCfg = Debug|Any CPU
		{8EF6C3F7-29E6-4262-8C13-34DC8CAA16BE}.Debug|x64.Build.0 = Debug|Any CPU
		{8EF6C3F7-29E6-4262-8C13-34DC8CAA16BE}.Debug|x86.ActiveCfg = Debug|Any CPU
		{8EF6C3F7-29E6-4262-8C13-34DC8CAA16BE}.Debug|x86.Build.0 = Debug|Any CPU
		{8EF6C3F7-29E6-4262-8C13-34DC8CAA16BE}.Release|Any CPU.ActiveCfg = Release|Any CPU
		{8EF6C3F7-29E6-4262-8C13-34DC8CAA16BE}.Release|Any CPU.Build.0 = Release|Any CPU
		{8EF6C3F7-29E6-4262-8C13-34DC8CAA16BE}.Release|x64.ActiveCfg = Release|Any CPU
		{8EF6C3F7-29E6-4262-8C13-34DC8CAA16BE}.Release|x64.Build.0 = Release|Any CPU
		{8EF6C3F7-29E6-4262-8C13-34DC8CAA16BE}.Release|x86.ActiveCfg = Release|Any CPU
		{8EF6C3F7-29E6-4262-8C13-34DC8CAA16BE}.Release|x86.Build.0 = Release|Any CPU
		{A29CF968-A01F-4ABF-BAED-85900A1CB716}.Debug|Any CPU.ActiveCfg = Debug|Any CPU
		{A29CF968-A01F-4ABF-BAED-85900A1CB716}.Debug|Any CPU.Build.0 = Debug|Any CPU
		{A29CF968-A01F-4ABF-BAED-85900A1CB716}.Debug|x64.ActiveCfg = Debug|Any CPU
		{A29CF968-A01F-4ABF-BAED-85900A1CB716}.Debug|x64.Build.0 = Debug|Any CPU
		{A29CF968-A01F-4ABF-BAED-85900A1CB716}.Debug|x86.ActiveCfg = Debug|Any CPU
		{A29CF968-A01F-4ABF-BAED-85900A1CB716}.Debug|x86.Build.0 = Debug|Any CPU
		{A29CF968-A01F-4ABF-BAED-85900A1CB716}.Release|Any CPU.ActiveCfg = Release|Any CPU
		{A29CF968-A01F-4ABF-BAED-85900A1CB716}.Release|Any CPU.Build.0 = Release|Any CPU
		{A29CF968-A01F-4ABF-BAED-85900A1CB716}.Release|x64.ActiveCfg = Release|Any CPU
		{A29CF968-A01F-4ABF-BAED-85900A1CB716}.Release|x64.Build.0 = Release|Any CPU
		{A29CF968-A01F-4ABF-BAED-85900A1CB716}.Release|x86.ActiveCfg = Release|Any CPU
		{A29CF968-A01F-4ABF-BAED-85900A1CB716}.Release|x86.Build.0 = Release|Any CPU
		{A25D50FD-B051-4DF0-9B3C-25ACB3C1E6B2}.Debug|Any CPU.ActiveCfg = Debug|Any CPU
		{A25D50FD-B051-4DF0-9B3C-25ACB3C1E6B2}.Debug|Any CPU.Build.0 = Debug|Any CPU
		{A25D50FD-B051-4DF0-9B3C-25ACB3C1E6B2}.Debug|x64.ActiveCfg = Debug|Any CPU
		{A25D50FD-B051-4DF0-9B3C-25ACB3C1E6B2}.Debug|x64.Build.0 = Debug|Any CPU
		{A25D50FD-B051-4DF0-9B3C-25ACB3C1E6B2}.Debug|x86.ActiveCfg = Debug|Any CPU
		{A25D50FD-B051-4DF0-9B3C-25ACB3C1E6B2}.Debug|x86.Build.0 = Debug|Any CPU
		{A25D50FD-B051-4DF0-9B3C-25ACB3C1E6B2}.Release|Any CPU.ActiveCfg = Release|Any CPU
		{A25D50FD-B051-4DF0-9B3C-25ACB3C1E6B2}.Release|Any CPU.Build.0 = Release|Any CPU
		{A25D50FD-B051-4DF0-9B3C-25ACB3C1E6B2}.Release|x64.ActiveCfg = Release|Any CPU
		{A25D50FD-B051-4DF0-9B3C-25ACB3C1E6B2}.Release|x64.Build.0 = Release|Any CPU
		{A25D50FD-B051-4DF0-9B3C-25ACB3C1E6B2}.Release|x86.ActiveCfg = Release|Any CPU
		{A25D50FD-B051-4DF0-9B3C-25ACB3C1E6B2}.Release|x86.Build.0 = Release|Any CPU
		{CBAFD6C3-DA85-4550-856E-67640C09E516}.Debug|Any CPU.ActiveCfg = Debug|Any CPU
		{CBAFD6C3-DA85-4550-856E-67640C09E516}.Debug|Any CPU.Build.0 = Debug|Any CPU
		{CBAFD6C3-DA85-4550-856E-67640C09E516}.Debug|x64.ActiveCfg = Debug|Any CPU
		{CBAFD6C3-DA85-4550-856E-67640C09E516}.Debug|x64.Build.0 = Debug|Any CPU
		{CBAFD6C3-DA85-4550-856E-67640C09E516}.Debug|x86.ActiveCfg = Debug|Any CPU
		{CBAFD6C3-DA85-4550-856E-67640C09E516}.Debug|x86.Build.0 = Debug|Any CPU
		{CBAFD6C3-DA85-4550-856E-67640C09E516}.Release|Any CPU.ActiveCfg = Release|Any CPU
		{CBAFD6C3-DA85-4550-856E-67640C09E516}.Release|Any CPU.Build.0 = Release|Any CPU
		{CBAFD6C3-DA85-4550-856E-67640C09E516}.Release|x64.ActiveCfg = Release|Any CPU
		{CBAFD6C3-DA85-4550-856E-67640C09E516}.Release|x64.Build.0 = Release|Any CPU
		{CBAFD6C3-DA85-4550-856E-67640C09E516}.Release|x86.ActiveCfg = Release|Any CPU
		{CBAFD6C3-DA85-4550-856E-67640C09E516}.Release|x86.Build.0 = Release|Any CPU
		{6E85D643-0F7D-41AF-A66C-21A6C7F153DA}.Debug|Any CPU.ActiveCfg = Debug|Any CPU
		{6E85D643-0F7D-41AF-A66C-21A6C7F153DA}.Debug|Any CPU.Build.0 = Debug|Any CPU
		{6E85D643-0F7D-41AF-A66C-21A6C7F153DA}.Debug|x64.ActiveCfg = Debug|Any CPU
		{6E85D643-0F7D-41AF-A66C-21A6C7F153DA}.Debug|x64.Build.0 = Debug|Any CPU
		{6E85D643-0F7D-41AF-A66C-21A6C7F153DA}.Debug|x86.ActiveCfg = Debug|Any CPU
		{6E85D643-0F7D-41AF-A66C-21A6C7F153DA}.Debug|x86.Build.0 = Debug|Any CPU
		{6E85D643-0F7D-41AF-A66C-21A6C7F153DA}.Release|Any CPU.ActiveCfg = Release|Any CPU
		{6E85D643-0F7D-41AF-A66C-21A6C7F153DA}.Release|Any CPU.Build.0 = Release|Any CPU
		{6E85D643-0F7D-41AF-A66C-21A6C7F153DA}.Release|x64.ActiveCfg = Release|Any CPU
		{6E85D643-0F7D-41AF-A66C-21A6C7F153DA}.Release|x64.Build.0 = Release|Any CPU
		{6E85D643-0F7D-41AF-A66C-21A6C7F153DA}.Release|x86.ActiveCfg = Release|Any CPU
		{6E85D643-0F7D-41AF-A66C-21A6C7F153DA}.Release|x86.Build.0 = Release|Any CPU
		{8F58C952-6579-479B-9317-092595F929BD}.Debug|Any CPU.ActiveCfg = Debug|Any CPU
		{8F58C952-6579-479B-9317-092595F929BD}.Debug|Any CPU.Build.0 = Debug|Any CPU
		{8F58C952-6579-479B-9317-092595F929BD}.Debug|x64.ActiveCfg = Debug|Any CPU
		{8F58C952-6579-479B-9317-092595F929BD}.Debug|x64.Build.0 = Debug|Any CPU
		{8F58C952-6579-479B-9317-092595F929BD}.Debug|x86.ActiveCfg = Debug|Any CPU
		{8F58C952-6579-479B-9317-092595F929BD}.Debug|x86.Build.0 = Debug|Any CPU
		{8F58C952-6579-479B-9317-092595F929BD}.Release|Any CPU.ActiveCfg = Release|Any CPU
		{8F58C952-6579-479B-9317-092595F929BD}.Release|Any CPU.Build.0 = Release|Any CPU
		{8F58C952-6579-479B-9317-092595F929BD}.Release|x64.ActiveCfg = Release|Any CPU
		{8F58C952-6579-479B-9317-092595F929BD}.Release|x64.Build.0 = Release|Any CPU
		{8F58C952-6579-479B-9317-092595F929BD}.Release|x86.ActiveCfg = Release|Any CPU
		{8F58C952-6579-479B-9317-092595F929BD}.Release|x86.Build.0 = Release|Any CPU
	EndGlobalSection
	GlobalSection(SolutionProperties) = preSolution
		HideSolutionNode = FALSE
	EndGlobalSection
	GlobalSection(ExtensibilityGlobals) = postSolution
		SolutionGuid = {ABEACC3E-0137-42F3-8B6F-C0FBE64C9017}
	EndGlobalSection
EndGlobal
